{
  "version": 4,
  "terraform_version": "1.11.4",
  "serial": 7,
  "lineage": "cd9352c2-86f0-d086-c931-4a105b893d6b",
  "outputs": {},
  "resources": [
    {
      "mode": "managed",
      "type": "aws_eks_cluster",
      "name": "main",
      "provider": "provider[\"registry.terraform.io/hashicorp/aws\"]",
      "instances": [
        {
          "schema_version": 1,
          "attributes": {
            "access_config": [
              {
                "authentication_mode": "CONFIG_MAP",
                "bootstrap_cluster_creator_admin_permissions": true
              }
            ],
            "arn": "arn:aws:eks:us-east-2:557690607676:cluster/cluster",
            "bootstrap_self_managed_addons": true,
            "certificate_authority": [
              {
                "data": "LS0tLS1CRUdJTiBDRVJUSUZJQ0FURS0tLS0tCk1JSURCVENDQWUyZ0F3SUJBZ0lJTTBQb1JXb0tybjh3RFFZSktvWklodmNOQVFFTEJRQXdGVEVUTUJFR0ExVUUKQXhNS2EzVmlaWEp1WlhSbGN6QWVGdzB5TlRBMU1ETXhNalE1TURSYUZ3MHpOVEExTURFeE1qVTBNRFJhTUJVeApFekFSQmdOVkJBTVRDbXQxWW1WeWJtVjBaWE13Z2dFaU1BMEdDU3FHU0liM0RRRUJBUVVBQTRJQkR3QXdnZ0VLCkFvSUJBUURCNWVnV3pHYUZ1RWVtOVhHcGt5bTVsTGNsSHhmanczZlovWEthWk5QbnAzZ05BTHBTbFFZQ0JHdVgKbEhxZmg2ODRoZWZOZDNLZGU0bStXVzNHTDNlTk9pdGl1cVZpOTJVWE5ncDRTZ1FCMTRpOXI3YWhyUUNkLzlONwpjcXEwVmNzenpNcEQ2OVBuSmlycENwaUk0MEZ6RXNmZmxvL0s4VGczVmVIMXFYSndYRkFwR3JHQWJvRlpjT0FECkhYa2szWDlESXNjL0FVQlAvKyswZjhqVlNra2s1NnJON0dyVHBEelYxRjJCeU9lVk53SU93dlhHZUc4VE9JTE0KZWx3WFg0cHJENElXWHFGRWw1cWlndzBWVm4xaWlaNmFPTEZpZlk2SkkzYlFNWXZxNHJVV3NBSGdPenpBUm9SSwo1SDF6M3dTdFFvSkZjdzI2S0VjME03UVF0bmx4QWdNQkFBR2pXVEJYTUE0R0ExVWREd0VCL3dRRUF3SUNwREFQCkJnTlZIUk1CQWY4RUJUQURBUUgvTUIwR0ExVWREZ1FXQkJSelFESnI5ZzhNSmQzL1dFSUFGbTlOLzZFSENqQVYKQmdOVkhSRUVEakFNZ2dwcmRXSmxjbTVsZEdWek1BMEdDU3FHU0liM0RRRUJDd1VBQTRJQkFRQ05IUldJQ1FXeQoyVWtMOWlKZ0FGUVNTRVBFTlhMNVUrdXhCSVg2UmdEVzBhMmdLOUQ1aXdySWlpVzhMbHhlMStGd0t0QkRFT0Z4CnhDMnJYNEkvMGlla1NQMklwamF2a3kxeUZEWW9yQ2hFSTJjTmJqaFNTMzlYRkExN1VZbVNxclRVaFUvbFB5K2UKakNQRFJUYTdBeFJPWXRGc2E2dENSNDcrT0lUQXVLeHZLa1FhRmw0VVBNeVNNajU3UHNnNGZBMkNQL0tVTGo3MAorN2hVRjZBYi9WWVhtMkI1WFVvQ0I2NmE3cEwvanhOK0o2VkhvckNzeWlyTnlVWXdJMHhGdmRYMDJZa3ozdDhLCkd3eUpTamphQjltZ2xCaEthelllV3hkTFY0QTlzWURBYVRhbnB2VFdBQ0NZM3kzTUl6WVlhYjBxNFZLQWZvcHMKWmxXRlRTS01yMnEvCi0tLS0tRU5EIENFUlRJRklDQVRFLS0tLS0K"
              }
            ],
            "cluster_id": null,
            "compute_config": [],
            "created_at": "2025-05-03T12:50:01Z",
            "enabled_cluster_log_types": [],
            "encryption_config": [],
            "endpoint": "https://2740C48065765E6F84CD883F69C14D15.yl4.us-east-2.eks.amazonaws.com",
            "force_update_version": null,
            "id": "cluster",
            "identity": [
              {
                "oidc": [
                  {
                    "issuer": "https://oidc.eks.us-east-2.amazonaws.com/id/2740C48065765E6F84CD883F69C14D15"
                  }
                ]
              }
            ],
            "kubernetes_network_config": [
              {
                "elastic_load_balancing": [
                  {
                    "enabled": false
                  }
                ],
                "ip_family": "ipv4",
                "service_ipv4_cidr": "172.20.0.0/16",
                "service_ipv6_cidr": ""
              }
            ],
            "name": "cluster",
            "outpost_config": [],
            "platform_version": "eks.9",
            "remote_network_config": [],
            "role_arn": "arn:aws:iam::557690607676:role/eks-cluster-role",
            "status": "ACTIVE",
            "storage_config": [],
            "tags": {},
            "tags_all": {},
            "timeouts": null,
            "upgrade_policy": [
              {
                "support_type": "EXTENDED"
              }
            ],
            "version": "1.32",
            "vpc_config": [
              {
                "cluster_security_group_id": "sg-0e47462a7cef35e5b",
                "endpoint_private_access": false,
                "endpoint_public_access": true,
                "public_access_cidrs": [
                  "0.0.0.0/0"
                ],
                "security_group_ids": [],
                "subnet_ids": [
                  "subnet-0622870e6f580877a",
                  "subnet-065258a180d684e51"
                ],
                "vpc_id": "vpc-08792fd185762a59c"
              }
            ],
            "zonal_shift_config": []
          },
          "sensitive_attributes": [],
          "private": "eyJlMmJmYjczMC1lY2FhLTExZTYtOGY4OC0zNDM2M2JjN2M0YzAiOnsiY3JlYXRlIjoxODAwMDAwMDAwMDAwLCJkZWxldGUiOjkwMDAwMDAwMDAwMCwidXBkYXRlIjozNjAwMDAwMDAwMDAwfSwic2NoZW1hX3ZlcnNpb24iOiIxIn0="
        }
      ]
    },
    {
      "mode": "managed",
      "type": "aws_eks_node_group",
      "name": "default",
      "provider": "provider[\"registry.terraform.io/hashicorp/aws\"]",
      "instances": [
        {
          "status": "tainted",
          "schema_version": 0,
          "attributes": {
            "ami_type": "AL2_x86_64",
            "arn": null,
            "capacity_type": null,
            "cluster_name": "cluster",
            "disk_size": null,
            "force_update_version": null,
            "id": "cluster:default",
            "instance_types": [
              "t3.medium"
            ],
            "labels": null,
            "launch_template": [],
            "node_group_name": "default",
            "node_group_name_prefix": null,
            "node_repair_config": null,
            "node_role_arn": "arn:aws:iam::557690607676:role/eks-node-role",
            "release_version": null,
            "remote_access": [],
            "resources": null,
            "scaling_config": [
              {
                "desired_size": 2,
                "max_size": 2,
                "min_size": 1
              }
            ],
            "status": null,
            "subnet_ids": [
              "subnet-0622870e6f580877a",
              "subnet-065258a180d684e51"
            ],
            "tags": null,
            "tags_all": null,
            "taint": [],
            "timeouts": null,
            "update_config": null,
            "version": null
          },
          "sensitive_attributes": [],
          "private": "eyJlMmJmYjczMC1lY2FhLTExZTYtOGY4OC0zNDM2M2JjN2M0YzAiOnsiY3JlYXRlIjozNjAwMDAwMDAwMDAwLCJkZWxldGUiOjM2MDAwMDAwMDAwMDAsInVwZGF0ZSI6MzYwMDAwMDAwMDAwMH19",
          "dependencies": [
            "aws_eks_cluster.main"
          ]
        }
      ]
    }
  ],
  "check_results": null
}
